
Microsoft Visual Studio Solution File, Format Version 12.00
# Visual Studio 2013
VisualStudioVersion = 12.0.30501.0
MinimumVisualStudioVersion = 10.0.40219.1
Project("{FAE04EC0-301F-11D3-BF4B-00C04F79EFBC}") = "Sprint2", "Sprint2\Sprint2\Sprint2.csproj", "{37708D7B-4346-4680-8337-5AA933399C83}"
EndProject
Project("{FAE04EC0-301F-11D3-BF4B-00C04F79EFBC}") = "Sprint2Content", "Sprint2\Sprint2Content\Sprint2Content.contentproj", "{8D50C014-9B3F-495A-AB59-959B73AB0ABB}"
EndProject
Project("{FAE04EC0-301F-11D3-BF4B-00C04F79EFBC}") = "DataTypes", "DataTypes\DataTypes.csproj", "{97407F31-A861-4603-9646-4F28BFF22FFA}"
EndProject
Global
	GlobalSection(TeamFoundationVersionControl) = preSolution
		SccNumberOfProjects = 4
		SccEnterpriseProvider = {4CA58AB2-18FA-4F8D-95D4-32DDF27D184C}
		SccTeamFoundationServer = https://bluebombers.visualstudio.com/defaultcollection
		SccLocalPath0 = .
		SccProjectUniqueName1 = Sprint2\\Sprint2\\Sprint2.csproj
		SccProjectName1 = Sprint2/Sprint2
		SccLocalPath1 = Sprint2\\Sprint2
		SccProjectUniqueName2 = Sprint2\\Sprint2Content\\Sprint2Content.contentproj
		SccProjectName2 = Sprint2/Sprint2Content
		SccLocalPath2 = Sprint2\\Sprint2Content
		SccProjectUniqueName3 = DataTypes\\DataTypes.csproj
		SccProjectName3 = DataTypes
		SccLocalPath3 = DataTypes
	EndGlobalSection
	GlobalSection(SolutionConfigurationPlatforms) = preSolution
		Debug|x86 = Debug|x86
		Release|x86 = Release|x86
	EndGlobalSection
	GlobalSection(ProjectConfigurationPlatforms) = postSolution
		{37708D7B-4346-4680-8337-5AA933399C83}.Debug|x86.ActiveCfg = Debug|x86
		{37708D7B-4346-4680-8337-5AA933399C83}.Debug|x86.Build.0 = Debug|x86
		{37708D7B-4346-4680-8337-5AA933399C83}.Release|x86.ActiveCfg = Release|x86
		{37708D7B-4346-4680-8337-5AA933399C83}.Release|x86.Build.0 = Release|x86
		{8D50C014-9B3F-495A-AB59-959B73AB0ABB}.Debug|x86.ActiveCfg = Debug|x86
		{8D50C014-9B3F-495A-AB59-959B73AB0ABB}.Debug|x86.Build.0 = Debug|x86
		{8D50C014-9B3F-495A-AB59-959B73AB0ABB}.Release|x86.ActiveCfg = Release|x86
		{97407F31-A861-4603-9646-4F28BFF22FFA}.Debug|x86.ActiveCfg = Debug|x86
		{97407F31-A861-4603-9646-4F28BFF22FFA}.Debug|x86.Build.0 = Debug|x86
		{97407F31-A861-4603-9646-4F28BFF22FFA}.Release|x86.ActiveCfg = Release|x86
		{97407F31-A861-4603-9646-4F28BFF22FFA}.Release|x86.Build.0 = Release|x86
	EndGlobalSection
	GlobalSection(SolutionProperties) = preSolution
		HideSolutionNode = FALSE
	EndGlobalSection
EndGlobal
